
Microsoft Visual Studio Solution File, Format Version 12.00
# Visual Studio Version 17
VisualStudioVersion = 17.11.35222.181
MinimumVisualStudioVersion = 10.0.40219.1
Project("{FAE04EC0-301F-11D3-BF4B-00C04F79EFBC}") = "Blog.Api", "Blog.Api\Blog.Api.csproj", "{B72B233C-0178-4188-A545-58760E6C390D}"
EndProject
Global
	GlobalSection(SolutionConfigurationPlatforms) = preSolution
		Debug|Any CPU = Debug|Any CPU
		Release|Any CPU = Release|Any CPU
	EndGlobalSection
	GlobalSection(ProjectConfigurationPlatforms) = postSolution
		{B72B233C-0178-4188-A545-58760E6C390D}.Debug|Any CPU.ActiveCfg = Debug|Any CPU
		{B72B233C-0178-4188-A545-58760E6C390D}.Debug|Any CPU.Build.0 = Debug|Any CPU
		{B72B233C-0178-4188-A545-58760E6C390D}.Release|Any CPU.ActiveCfg = Release|Any CPU
		{B72B233C-0178-4188-A545-58760E6C390D}.Release|Any CPU.Build.0 = Release|Any CPU
	EndGlobalSection
	GlobalSection(SolutionProperties) = preSolution
		HideSolutionNode = FALSE
	EndGlobalSection
	GlobalSection(ExtensibilityGlobals) = postSolution
		SolutionGuid = {92CB5D14-AB40-4D61-8AFC-E128B03ECD43}
	EndGlobalSection
EndGlobal
